// !$*UTF8*$!
{
	archiveVersion = 1;
	classes = {
	};
	objectVersion = 46;
	objects = {
		326FC5248608CBB7E743AF86 = {
			isa = PBXBuildFile;
			fileRef = 1A27140DAD62A4B29A7D454D;
		};
		E87213AEFD0E3142BB596EC3 = {
			isa = PBXBuildFile;
			fileRef = 33D28FB7AC4B575F480C4D3F;
		};
		D8155CEFE062D3DACD39EA16 = {
			isa = PBXBuildFile;
			fileRef = D35B92AF23C20FB11D1BCBBD;
		};
		FBBAD447BC4D65E196863371 = {
			isa = PBXBuildFile;
			fileRef = EBBCAF7D3AEAC7BFCC3561D2;
		};
		D9BDF75CBFA48951757DF74D = {
			isa = PBXBuildFile;
			fileRef = EABE3DA46EF49B75A646C2BB;
		};
		E2DE4C31B45F79029ABBE386 = {
			isa = PBXBuildFile;
			fileRef = 1F13F7C87CE5FBE452E90DE1;
		};
		0BA61AFDB0B7D8E5CA468341 = {
			isa = PBXBuildFile;
			fileRef = 95EDD7D1E099B63F9D9A000E;
		};
		1982D7CDBB2A9D0C22ED0FA9 = {
			isa = PBXBuildFile;
			fileRef = D1393F1264861176EB5C51DE;
		};
		ACEC47942353681F6AB23AFC = {
			isa = PBXBuildFile;
			fileRef = 3B7FDA07062D34164A7589B0;
		};
		2CDF4FF3E9AC46A6578BC2FC = {
			isa = PBXBuildFile;
			fileRef = AEEBA265BB519DF6925162D9;
		};
		B48E0F46A5A7C7D3416628BC = {
			isa = PBXBuildFile;
			fileRef = A865C633C8C623AA2676078E;
		};
		7854BD4C1A2AC7DADA8D60A8 = {
			isa = PBXBuildFile;
			fileRef = 81A75C4B31A1A5A76F0F8610;
		};
		7E21A790E51E160B9D895AE0 = {
			isa = PBXBuildFile;
			fileRef = EC0CC48D35E53695C2203E57;
		};
		485D854046DD8D51CA5C69FF = {
			isa = PBXBuildFile;
			fileRef = B785C0A88B5A6335C263775D;
		};
		EECB8176BA797D73F7D442AC = {
			isa = PBXBuildFile;
			fileRef = EF312A22A0B879399E5831FD;
		};
		1D84B63538F23DFF4CABFE06 = {
			isa = PBXBuildFile;
			fileRef = 6D4C86399A7F5924089DB97B;
		};
		321B41C7D47353CDEC5C0F5B = {
			isa = PBXBuildFile;
			fileRef = 24B91C2A5E9F7571B9B12914;
		};
		72493903478B816C8F194E71 = {
			isa = PBXBuildFile;
			fileRef = 6C49DEF60CED80486FBAEB5D;
		};
		90A97073BF7D6E6D1A5CA63D = {
			isa = PBXBuildFile;
			fileRef = 15A12734B5CD76054B3FF20C;
		};
		90DD22161E176467E3BD0DCC = {
			isa = PBXBuildFile;
			fileRef = 2F3399E93AE71531C098F215;
		};
		D910933C90B236EB449BA55A = {
			isa = PBXBuildFile;
			fileRef = 62ABB7343ACDC50EB26F08FB;
		};
		55B8CA9976066D49CDF7CD9A = {
			isa = PBXBuildFile;
			fileRef = 1466DDC7AEE8262561062BF0;
		};
		B0C997D0D381181996D5F916 = {
			isa = PBXBuildFile;
			fileRef = DA80477E6197D4F558C37D76;
		};
		C69CD43A7D505284E05F2D99 = {
			isa = PBXBuildFile;
			fileRef = 4EFFE0E592892D78040E7CE9;
		};
		D4D1B423CF6F838E8FC51620 = {
			isa = PBXBuildFile;
			fileRef = A6010F35F034F8A10B0BAE11;
		};
		B2C493917859D0F080134B7E = {
			isa = PBXBuildFile;
			fileRef = 212064D2D8936A8DFD9A1F1B;
		};
		51A61CA67878DE2D394A6A88 = {
			isa = PBXBuildFile;
			fileRef = 9CD62C20D0E00B7260F884D3;
		};
		D7D302A956E806375CEE53E5 = {
			isa = PBXBuildFile;
			fileRef = 173A8605F0086C07EE0792EA;
		};
		3A2228E032FED99AA55D8D2F = {
			isa = PBXBuildFile;
			fileRef = 19DF6F452EC11859CA3767F6;
		};
		E9C57BC7C720F103E0FD829B = {
			isa = PBXBuildFile;
			fileRef = 60B6CBE7F6EE77F8585E302B;
		};
		8E51A3A63295173258FB0E0E = {
			isa = PBXBuildFile;
			fileRef = 9222941792787EBB5E835B74;
		};
		2B75589203578359B2E28CC1 = {
			isa = PBXBuildFile;
			fileRef = 925FEFA208D0BA9B9CF4308A;
		};
		C113580B9A1E4752931DF0D4 = {
			isa = PBXBuildFile;
			fileRef = 49068E69A3CD30CEE55410C7;
		};
		2726F2D506BAE16359B72FE1 = {
			isa = PBXBuildFile;
			fileRef = 8A33341072B61789517CF26A;
		};
		2505FB3464F55AFE1B081D1A = {
			isa = PBXBuildFile;
			fileRef = 5CDDBF0CFB57DF3A35D5573E;
		};
		BCF7637B10D9EDD8DF9860DC = {
			isa = PBXBuildFile;
			fileRef = 3679315D364861D0521855ED;
		};
		C5850CC77AFF0C1B97CB95AC = {
			isa = PBXBuildFile;
			fileRef = E7E81B9399F77DDE301EB991;
		};
		8F31033FB884271183B4F7B6 = {
			isa = PBXBuildFile;
			fileRef = 2480DDF6FCAF4205297C5F5C;
		};
		1466DDC7AEE8262561062BF0 = {
			isa = PBXFileReference;
			lastKnownFileType = sourcecode.cpp.objcpp;
			name = "include_juce_audio_devices.mm";
			path = "../../JuceLibraryCode/include_juce_audio_devices.mm";
			sourceTree = "SOURCE_ROOT";
		};
		15A12734B5CD76054B3FF20C = {
			isa = PBXFileReference;
			lastKnownFileType = sourcecode.cpp.cpp;
			name = PluginProcessor.cpp;
			path = ../../Source/PluginProcessor.cpp;
			sourceTree = "SOURCE_ROOT";
		};
		173A8605F0086C07EE0792EA = {
			isa = PBXFileReference;
			lastKnownFileType = sourcecode.cpp.cpp;
			name = "include_juce_audio_plugin_client_utils.cpp";
			path = "../../JuceLibraryCode/include_juce_audio_plugin_client_utils.cpp";
			sourceTree = "SOURCE_ROOT";
		};
		19DF6F452EC11859CA3767F6 = {
			isa = PBXFileReference;
			lastKnownFileType = sourcecode.cpp.objcpp;
			name = "include_juce_audio_plugin_client_VST_utils.mm";
			path = "../../JuceLibraryCode/include_juce_audio_plugin_client_VST_utils.mm";
			sourceTree = "SOURCE_ROOT";
		};
		1A27140DAD62A4B29A7D454D = {
			isa = PBXFileReference;
			explicitFileType = wrapper.cfbundle;
			includeInIndex = 0;
			path = Padded.vst3;
			sourceTree = "BUILT_PRODUCTS_DIR";
		};
		1F13F7C87CE5FBE452E90DE1 = {
			isa = PBXFileReference;
			lastKnownFileType = wrapper.framework;
			name = Accelerate.framework;
			path = System/Library/Frameworks/Accelerate.framework;
			sourceTree = SDKROOT;
		};
		1F3ECB8998F27D398A0AD3E5 = {
			isa = PBXFileReference;
			lastKnownFileType = text.plist.xml;
			name = "Info-VST3.plist";
			path = "Info-VST3.plist";
			sourceTree = "SOURCE_ROOT";
		};
		212064D2D8936A8DFD9A1F1B = {
			isa = PBXFileReference;
			lastKnownFileType = sourcecode.cpp.objcpp;
			name = "include_juce_audio_plugin_client_AU_2.mm";
			path = "../../JuceLibraryCode/include_juce_audio_plugin_client_AU_2.mm";
			sourceTree = "SOURCE_ROOT";
		};
		2480DDF6FCAF4205297C5F5C = {
			isa = PBXFileReference;
			lastKnownFileType = sourcecode.cpp.objcpp;
			name = "include_juce_gui_extra.mm";
			path = "../../JuceLibraryCode/include_juce_gui_extra.mm";
			sourceTree = "SOURCE_ROOT";
		};
		24B91C2A5E9F7571B9B12914 = {
			isa = PBXFileReference;
			lastKnownFileType = file.nib;
			name = RecentFilesMenuTemplate.nib;
			path = RecentFilesMenuTemplate.nib;
			sourceTree = "SOURCE_ROOT";
		};
		24C9D6F62DAE2F8C8D244E0E = {
			isa = PBXFileReference;
			lastKnownFileType = file;
			name = "juce_audio_formats";
			path = "/Applications/JUCE/modules/juce_audio_formats";
			sourceTree = "<absolute>";
		};
		2F3399E93AE71531C098F215 = {
			isa = PBXFileReference;
			lastKnownFileType = sourcecode.cpp.cpp;
			name = PluginEditor.cpp;
			path = ../../Source/PluginEditor.cpp;
			sourceTree = "SOURCE_ROOT";
		};
		33D28FB7AC4B575F480C4D3F = {
			isa = PBXFileReference;
			explicitFileType = wrapper.cfbundle;
			includeInIndex = 0;
			path = Padded.component;
			sourceTree = "BUILT_PRODUCTS_DIR";
		};
		3679315D364861D0521855ED = {
			isa = PBXFileReference;
			lastKnownFileType = sourcecode.cpp.objcpp;
			name = "include_juce_graphics.mm";
			path = "../../JuceLibraryCode/include_juce_graphics.mm";
			sourceTree = "SOURCE_ROOT";
		};
		3AA8214E26DE3625F58BC1B0 = {
			isa = PBXFileReference;
			lastKnownFileType = sourcecode.c.h;
			name = JuceHeader.h;
			path = ../../JuceLibraryCode/JuceHeader.h;
			sourceTree = "SOURCE_ROOT";
		};
		3B7FDA07062D34164A7589B0 = {
			isa = PBXFileReference;
			lastKnownFileType = wrapper.framework;
			name = Cocoa.framework;
			path = System/Library/Frameworks/Cocoa.framework;
			sourceTree = SDKROOT;
		};
		49068E69A3CD30CEE55410C7 = {
			isa = PBXFileReference;
			lastKnownFileType = sourcecode.cpp.objcpp;
			name = "include_juce_core.mm";
			path = "../../JuceLibraryCode/include_juce_core.mm";
			sourceTree = "SOURCE_ROOT";
		};
		4EC569E7026C5DCA27CA9FD2 = {
			isa = PBXFileReference;
			lastKnownFileType = sourcecode.c.h;
			name = JucePluginDefines.h;
			path = ../../JuceLibraryCode/JucePluginDefines.h;
			sourceTree = "SOURCE_ROOT";
		};
		4EFFE0E592892D78040E7CE9 = {
			isa = PBXFileReference;
			lastKnownFileType = file.r;
			name = "include_juce_audio_plugin_client_AU.r";
			path = "../../JuceLibraryCode/include_juce_audio_plugin_client_AU.r";
			sourceTree = "SOURCE_ROOT";
		};
		588F13127C3A699364257A2A = {
			isa = PBXFileReference;
			lastKnownFileType = file;
			name = "juce_graphics";
			path = "/Applications/JUCE/modules/juce_graphics";
			sourceTree = "<absolute>";
		};
		5A597095911A9F52121CF289 = {
			isa = PBXFileReference;
			lastKnownFileType = file;
			name = "juce_audio_devices";
			path = "/Applications/JUCE/modules/juce_audio_devices";
			sourceTree = "<absolute>";
		};
		5CDDBF0CFB57DF3A35D5573E = {
			isa = PBXFileReference;
			lastKnownFileType = sourcecode.cpp.objcpp;
			name = "include_juce_events.mm";
			path = "../../JuceLibraryCode/include_juce_events.mm";
			sourceTree = "SOURCE_ROOT";
		};
		60B6CBE7F6EE77F8585E302B = {
			isa = PBXFileReference;
			lastKnownFileType = sourcecode.cpp.cpp;
			name = "include_juce_audio_plugin_client_VST3.cpp";
			path = "../../JuceLibraryCode/include_juce_audio_plugin_client_VST3.cpp";
			sourceTree = "SOURCE_ROOT";
		};
		62ABB7343ACDC50EB26F08FB = {
			isa = PBXFileReference;
			lastKnownFileType = sourcecode.cpp.objcpp;
			name = "include_juce_audio_basics.mm";
			path = "../../JuceLibraryCode/include_juce_audio_basics.mm";
			sourceTree = "SOURCE_ROOT";
		};
		6C49DEF60CED80486FBAEB5D = {
			isa = PBXFileReference;
			lastKnownFileType = sourcecode.cpp.cpp;
			name = Pad.cpp;
			path = ../../Source/Pad.cpp;
			sourceTree = "SOURCE_ROOT";
		};
		6D4C86399A7F5924089DB97B = {
			isa = PBXFileReference;
			lastKnownFileType = wrapper.framework;
			name = WebKit.framework;
			path = System/Library/Frameworks/WebKit.framework;
			sourceTree = SDKROOT;
		};
		77F37401D445E12C8F6147CE = {
			isa = PBXFileReference;
			lastKnownFileType = text.plist.xml;
			name = "Info-AU.plist";
			path = "Info-AU.plist";
			sourceTree = "SOURCE_ROOT";
		};
		81A75C4B31A1A5A76F0F8610 = {
			isa = PBXFileReference;
			lastKnownFileType = wrapper.framework;
			name = CoreMIDI.framework;
			path = System/Library/Frameworks/CoreMIDI.framework;
			sourceTree = SDKROOT;
		};
		8A33341072B61789517CF26A = {
			isa = PBXFileReference;
			lastKnownFileType = sourcecode.cpp.objcpp;
			name = "include_juce_data_structures.mm";
			path = "../../JuceLibraryCode/include_juce_data_structures.mm";
			sourceTree = "SOURCE_ROOT";
		};
		9222941792787EBB5E835B74 = {
			isa = PBXFileReference;
			lastKnownFileType = sourcecode.cpp.objcpp;
			name = "include_juce_audio_processors.mm";
			path = "../../JuceLibraryCode/include_juce_audio_processors.mm";
			sourceTree = "SOURCE_ROOT";
		};
		925FEFA208D0BA9B9CF4308A = {
			isa = PBXFileReference;
			lastKnownFileType = sourcecode.cpp.objcpp;
			name = "include_juce_audio_utils.mm";
			path = "../../JuceLibraryCode/include_juce_audio_utils.mm";
			sourceTree = "SOURCE_ROOT";
		};
		955707720C4E3CF7CE3B13D0 = {
			isa = PBXFileReference;
			lastKnownFileType = file;
			name = "juce_core";
			path = "/Applications/JUCE/modules/juce_core";
			sourceTree = "<absolute>";
		};
		95EDD7D1E099B63F9D9A000E = {
			isa = PBXFileReference;
			lastKnownFileType = wrapper.framework;
			name = AudioToolbox.framework;
			path = System/Library/Frameworks/AudioToolbox.framework;
			sourceTree = SDKROOT;
		};
		9CD62C20D0E00B7260F884D3 = {
			isa = PBXFileReference;
			lastKnownFileType = sourcecode.cpp.cpp;
			name = "include_juce_audio_plugin_client_Standalone.cpp";
			path = "../../JuceLibraryCode/include_juce_audio_plugin_client_Standalone.cpp";
			sourceTree = "SOURCE_ROOT";
		};
		9DC2C88165E961C11B38C97F = {
			isa = PBXFileReference;
			lastKnownFileType = file;
			name = "juce_audio_processors";
			path = "/Applications/JUCE/modules/juce_audio_processors";
			sourceTree = "<absolute>";
		};
		A6010F35F034F8A10B0BAE11 = {
			isa = PBXFileReference;
			lastKnownFileType = sourcecode.cpp.objcpp;
			name = "include_juce_audio_plugin_client_AU_1.mm";
			path = "../../JuceLibraryCode/include_juce_audio_plugin_client_AU_1.mm";
			sourceTree = "SOURCE_ROOT";
		};
		A865C633C8C623AA2676078E = {
			isa = PBXFileReference;
			lastKnownFileType = wrapper.framework;
			name = CoreAudioKit.framework;
			path = System/Library/Frameworks/CoreAudioKit.framework;
			sourceTree = SDKROOT;
		};
		AB1629D414DBD74E95B44018 = {
			isa = PBXFileReference;
			lastKnownFileType = file;
			name = "juce_data_structures";
			path = "/Applications/JUCE/modules/juce_data_structures";
			sourceTree = "<absolute>";
		};
		AEEBA265BB519DF6925162D9 = {
			isa = PBXFileReference;
			lastKnownFileType = wrapper.framework;
			name = CoreAudio.framework;
			path = System/Library/Frameworks/CoreAudio.framework;
			sourceTree = SDKROOT;
		};
		B3875325064FECF0DBF26011 = {
			isa = PBXFileReference;
			lastKnownFileType = file;
			name = "juce_events";
			path = "/Applications/JUCE/modules/juce_events";
			sourceTree = "<absolute>";
		};
		B785C0A88B5A6335C263775D = {
			isa = PBXFileReference;
			lastKnownFileType = wrapper.framework;
			name = IOKit.framework;
			path = System/Library/Frameworks/IOKit.framework;
			sourceTree = SDKROOT;
		};
		B7CF793A5126EFAB3F4AAC4F = {
			isa = PBXFileReference;
			lastKnownFileType = file;
			name = "juce_audio_basics";
			path = "/Applications/JUCE/modules/juce_audio_basics";
			sourceTree = "<absolute>";
		};
		B978D3AAA3108C6A3A853003 = {
			isa = PBXFileReference;
			lastKnownFileType = file;
			name = "juce_gui_extra";
			path = "/Applications/JUCE/modules/juce_gui_extra";
			sourceTree = "<absolute>";
		};
		BB4A4CE578B16A08676B5DCB = {
			isa = PBXFileReference;
			lastKnownFileType = file;
			name = "juce_gui_basics";
			path = "/Applications/JUCE/modules/juce_gui_basics";
			sourceTree = "<absolute>";
		};
		D1393F1264861176EB5C51DE = {
			isa = PBXFileReference;
			lastKnownFileType = wrapper.framework;
			name = Carbon.framework;
			path = System/Library/Frameworks/Carbon.framework;
			sourceTree = SDKROOT;
		};
		D35B92AF23C20FB11D1BCBBD = {
			isa = PBXFileReference;
			explicitFileType = wrapper.application;
			includeInIndex = 0;
			path = Padded.app;
			sourceTree = "BUILT_PRODUCTS_DIR";
		};
		DA80477E6197D4F558C37D76 = {
			isa = PBXFileReference;
			lastKnownFileType = sourcecode.cpp.objcpp;
			name = "include_juce_audio_formats.mm";
			path = "../../JuceLibraryCode/include_juce_audio_formats.mm";
			sourceTree = "SOURCE_ROOT";
		};
		E0B05A9A9EC7AFE13D23FF0A = {
			isa = PBXFileReference;
			lastKnownFileType = text.plist.xml;
			name = "Info-Standalone_Plugin.plist";
			path = "Info-Standalone_Plugin.plist";
			sourceTree = "SOURCE_ROOT";
		};
		E339FDDFD167F9D3F3074059 = {
			isa = PBXFileReference;
			lastKnownFileType = file;
			name = "juce_audio_utils";
			path = "/Applications/JUCE/modules/juce_audio_utils";
			sourceTree = "<absolute>";
		};
		E7CA209DC8641FBE053B101C = {
			isa = PBXFileReference;
			lastKnownFileType = file;
			name = "juce_audio_plugin_client";
			path = "/Applications/JUCE/modules/juce_audio_plugin_client";
			sourceTree = "<absolute>";
		};
		E7E81B9399F77DDE301EB991 = {
			isa = PBXFileReference;
			lastKnownFileType = sourcecode.cpp.objcpp;
			name = "include_juce_gui_basics.mm";
			path = "../../JuceLibraryCode/include_juce_gui_basics.mm";
			sourceTree = "SOURCE_ROOT";
		};
		EABE3DA46EF49B75A646C2BB = {
			isa = PBXFileReference;
			lastKnownFileType = wrapper.framework;
			name = AudioUnit.framework;
			path = System/Library/Frameworks/AudioUnit.framework;
			sourceTree = SDKROOT;
		};
		EBBCAF7D3AEAC7BFCC3561D2 = {
			isa = PBXFileReference;
			explicitFileType = archive.ar;
			includeInIndex = 0;
			path = libPadded.a;
			sourceTree = "BUILT_PRODUCTS_DIR";
		};
		EC0CC48D35E53695C2203E57 = {
			isa = PBXFileReference;
			lastKnownFileType = wrapper.framework;
			name = DiscRecording.framework;
			path = System/Library/Frameworks/DiscRecording.framework;
			sourceTree = SDKROOT;
		};
		EF312A22A0B879399E5831FD = {
			isa = PBXFileReference;
			lastKnownFileType = wrapper.framework;
			name = QuartzCore.framework;
			path = System/Library/Frameworks/QuartzCore.framework;
			sourceTree = SDKROOT;
		};
		F25CC5D3D0277D54897961A1 = {
			isa = PBXFileReference;
			lastKnownFileType = sourcecode.c.h;
			name = PluginProcessor.h;
			path = ../../Source/PluginProcessor.h;
			sourceTree = "SOURCE_ROOT";
		};
		F8AAFEE9B61F58E7B3D74C73 = {
			isa = PBXFileReference;
			lastKnownFileType = sourcecode.c.h;
			name = Pad.h;
			path = ../../Source/Pad.h;
			sourceTree = "SOURCE_ROOT";
		};
		FFBA4CB86C6AC121F443E53F = {
			isa = PBXFileReference;
			lastKnownFileType = sourcecode.c.h;
			name = PluginEditor.h;
			path = ../../Source/PluginEditor.h;
			sourceTree = "SOURCE_ROOT";
		};
		A2D65E9C296CA2DA267ED058 = {
			isa = PBXGroup;
			children = (
				6C49DEF60CED80486FBAEB5D,
				F8AAFEE9B61F58E7B3D74C73,
				15A12734B5CD76054B3FF20C,
				F25CC5D3D0277D54897961A1,
				2F3399E93AE71531C098F215,
				FFBA4CB86C6AC121F443E53F,
			);
			name = Source;
			sourceTree = "<group>";
		};
		1A601A733969E95C8B1B6AFE = {
			isa = PBXGroup;
			children = (
				A2D65E9C296CA2DA267ED058,
			);
			name = Padded;
			sourceTree = "<group>";
		};
		7CDB868BB02D81EC47974EEE = {
			isa = PBXGroup;
			children = (
				B7CF793A5126EFAB3F4AAC4F,
				5A597095911A9F52121CF289,
				24C9D6F62DAE2F8C8D244E0E,
				E7CA209DC8641FBE053B101C,
				9DC2C88165E961C11B38C97F,
				E339FDDFD167F9D3F3074059,
				955707720C4E3CF7CE3B13D0,
				AB1629D414DBD74E95B44018,
				B3875325064FECF0DBF26011,
				588F13127C3A699364257A2A,
				BB4A4CE578B16A08676B5DCB,
				B978D3AAA3108C6A3A853003,
			);
			name = "JUCE Modules";
			sourceTree = "<group>";
		};
		0C83AC37DDDF1A1E9B6FB4EB = {
			isa = PBXGroup;
			children = (
				62ABB7343ACDC50EB26F08FB,
				1466DDC7AEE8262561062BF0,
				DA80477E6197D4F558C37D76,
				4EFFE0E592892D78040E7CE9,
				A6010F35F034F8A10B0BAE11,
				212064D2D8936A8DFD9A1F1B,
				9CD62C20D0E00B7260F884D3,
				173A8605F0086C07EE0792EA,
				19DF6F452EC11859CA3767F6,
				60B6CBE7F6EE77F8585E302B,
				9222941792787EBB5E835B74,
				925FEFA208D0BA9B9CF4308A,
				49068E69A3CD30CEE55410C7,
				8A33341072B61789517CF26A,
				5CDDBF0CFB57DF3A35D5573E,
				3679315D364861D0521855ED,
				E7E81B9399F77DDE301EB991,
				2480DDF6FCAF4205297C5F5C,
				3AA8214E26DE3625F58BC1B0,
				4EC569E7026C5DCA27CA9FD2,
			);
			name = "JUCE Library Code";
			sourceTree = "<group>";
		};
		D927D7B0FD976A432553EC89 = {
			isa = PBXGroup;
			children = (
				1F3ECB8998F27D398A0AD3E5,
				77F37401D445E12C8F6147CE,
				E0B05A9A9EC7AFE13D23FF0A,
				24B91C2A5E9F7571B9B12914,
			);
			name = Resources;
			sourceTree = "<group>";
		};
		2760B8A57FCC5CFFD63A7919 = {
			isa = PBXGroup;
			children = (
				EABE3DA46EF49B75A646C2BB,
				1F13F7C87CE5FBE452E90DE1,
				95EDD7D1E099B63F9D9A000E,
				D1393F1264861176EB5C51DE,
				3B7FDA07062D34164A7589B0,
				AEEBA265BB519DF6925162D9,
				A865C633C8C623AA2676078E,
				81A75C4B31A1A5A76F0F8610,
				EC0CC48D35E53695C2203E57,
				B785C0A88B5A6335C263775D,
				EF312A22A0B879399E5831FD,
				6D4C86399A7F5924089DB97B,
			);
			name = Frameworks;
			sourceTree = "<group>";
		};
		4F81015535C04430C3F52483 = {
			isa = PBXGroup;
			children = (
				1A27140DAD62A4B29A7D454D,
				33D28FB7AC4B575F480C4D3F,
				D35B92AF23C20FB11D1BCBBD,
				EBBCAF7D3AEAC7BFCC3561D2,
			);
			name = Products;
			sourceTree = "<group>";
		};
		56EBAAD5E5C4BD808B73C262 = {
			isa = PBXGroup;
			children = (
				1A601A733969E95C8B1B6AFE,
				7CDB868BB02D81EC47974EEE,
				0C83AC37DDDF1A1E9B6FB4EB,
				D927D7B0FD976A432553EC89,
				2760B8A57FCC5CFFD63A7919,
				4F81015535C04430C3F52483,
			);
			name = Source;
			sourceTree = "<group>";
		};
		4DB24C529CF6C326845D7AB0 = {
			isa = PBXTargetDependency;
			target = AC966FF9A2DB51C3C59CEB64;
		};
		E1D9CC1F12E833BDC812973C = {
			isa = PBXTargetDependency;
			target = 449CFF5FE715AEE80F482924;
		};
		35C39DB79EF8130BA7D7F1D6 = {
			isa = PBXTargetDependency;
			target = 9899E2A2E9326DB649288E69;
		};
		41F418D281435879470515C5 = {
			isa = PBXTargetDependency;
			target = 45DD0877EBD37EA276FE0352;
		};
		9CA9A5456F7F710647AC2145 = {
			isa = PBXTargetDependency;
			target = 45DD0877EBD37EA276FE0352;
		};
		085FB0F9FE1715B01E428A97 = {
			isa = PBXTargetDependency;
			target = 45DD0877EBD37EA276FE0352;
		};
		9D0A5CD0BAB14938CC54E108 = {
			isa = PBXTargetDependency;
			target = 45DD0877EBD37EA276FE0352;
		};
		FCE03F8859D452BCBE6806E2 = {
			isa = XCBuildConfiguration;
			buildSettings = {
				MACOSX_DEPLOYMENT_TARGET = 10.11;
				SDKROOT = macosx;
			};
			name = Debug;
		};
		FB6F0077974289A2234CFBD6 = {
			isa = XCBuildConfiguration;
			buildSettings = {
				MACOSX_DEPLOYMENT_TARGET = 10.11;
				SDKROOT = macosx;
			};
			name = Release;
		};
		3995DC84A14C4CB1F3B3B498 = {
			isa = XCBuildConfiguration;
			buildSettings = {
				CLANG_CXX_LANGUAGE_STANDARD = "c++11";
				CLANG_CXX_LIBRARY = "libc++";
				CLANG_LINK_OBJC_RUNTIME = NO;
				CODE_SIGN_IDENTITY = "";
				COMBINE_HIDPI_IMAGES = YES;
				CONFIGURATION_BUILD_DIR = "$(PROJECT_DIR)/build/$(CONFIGURATION)";
				COPY_PHASE_STRIP = NO;
				DEPLOYMENT_LOCATION = YES;
				DSTROOT = /;
				GCC_DYNAMIC_NO_PIC = NO;
				GCC_OPTIMIZATION_LEVEL = 0;
				GCC_PREPROCESSOR_DEFINITIONS = (
					"_DEBUG=1",
					"DEBUG=1",
					"JUCER_XCODE_MAC_F6D2F4CF=1",
					"JUCE_APP_VERSION=1.0.0",
					"JUCE_APP_VERSION_HEX=0x10000",
					"JucePlugin_Build_VST=0",
					"JucePlugin_Build_VST3=1",
					"JucePlugin_Build_AU=1",
					"JucePlugin_Build_AUv3=0",
					"JucePlugin_Build_RTAS=0",
					"JucePlugin_Build_AAX=0",
					"JucePlugin_Build_Standalone=1",
					"JucePlugin_Build_Unity=0",
					"JUCE_DISPLAY_SPLASH_SCREEN=1",
					"JUCE_USE_DARK_SPLASH_SCREEN=1",
					"JUCE_PROJUCER_VERSION=0x60001",
					"JUCE_MODULE_AVAILABLE_juce_audio_basics=1",
					"JUCE_MODULE_AVAILABLE_juce_audio_devices=1",
					"JUCE_MODULE_AVAILABLE_juce_audio_formats=1",
					"JUCE_MODULE_AVAILABLE_juce_audio_plugin_client=1",
					"JUCE_MODULE_AVAILABLE_juce_audio_processors=1",
					"JUCE_MODULE_AVAILABLE_juce_audio_utils=1",
					"JUCE_MODULE_AVAILABLE_juce_core=1",
					"JUCE_MODULE_AVAILABLE_juce_data_structures=1",
					"JUCE_MODULE_AVAILABLE_juce_events=1",
					"JUCE_MODULE_AVAILABLE_juce_graphics=1",
					"JUCE_MODULE_AVAILABLE_juce_gui_basics=1",
					"JUCE_MODULE_AVAILABLE_juce_gui_extra=1",
					"JUCE_GLOBAL_MODULE_SETTINGS_INCLUDED=1",
					"JUCE_VST3_CAN_REPLACE_VST2=0",
					"JUCE_STRICT_REFCOUNTEDPOINTER=1",
					"JucePlugin_Enable_IAA=0",
					"JucePlugin_Name=\\\"Padded\\\"",
					"JucePlugin_Desc=\\\"Padded\\\"",
					"JucePlugin_Manufacturer=\\\"nihargagneja\\\"",
					"JucePlugin_ManufacturerWebsite=\\\"\\\"",
					"JucePlugin_ManufacturerEmail=\\\"\\\"",
					"JucePlugin_ManufacturerCode=0x4d616e75",
					"JucePlugin_PluginCode=0x5266726f",
					"JucePlugin_IsSynth=1",
					"JucePlugin_WantsMidiInput=1",
					"JucePlugin_ProducesMidiOutput=0",
					"JucePlugin_IsMidiEffect=0",
					"JucePlugin_EditorRequiresKeyboardFocus=0",
					"JucePlugin_Version=1.0.0",
					"JucePlugin_VersionCode=0x10000",
					"JucePlugin_VersionString=\\\"1.0.0\\\"",
					"JucePlugin_VSTUniqueID=JucePlugin_PluginCode",
					"JucePlugin_VSTCategory=kPlugCategSynth",
					"JucePlugin_Vst3Category=\\\"Instrument|Synth\\\"",
					"JucePlugin_AUMainType='aumu'",
					"JucePlugin_AUSubType=JucePlugin_PluginCode",
					"JucePlugin_AUExportPrefix=PaddedAU",
					"JucePlugin_AUExportPrefixQuoted=\\\"PaddedAU\\\"",
					"JucePlugin_AUManufacturerCode=JucePlugin_ManufacturerCode",
					"JucePlugin_CFBundleIdentifier=com.nihargagneja.Padded",
					"JucePlugin_RTASCategory=2048",
					"JucePlugin_RTASManufacturerCode=JucePlugin_ManufacturerCode",
					"JucePlugin_RTASProductId=JucePlugin_PluginCode",
					"JucePlugin_RTASDisableBypass=0",
					"JucePlugin_RTASDisableMultiMono=0",
					"JucePlugin_AAXIdentifier=com.nihargagneja.Padded",
					"JucePlugin_AAXManufacturerCode=JucePlugin_ManufacturerCode",
					"JucePlugin_AAXProductId=JucePlugin_PluginCode",
					"JucePlugin_AAXCategory=2048",
					"JucePlugin_AAXDisableBypass=0",
					"JucePlugin_AAXDisableMultiMono=0",
					"JucePlugin_IAAType=0x61757269",
					"JucePlugin_IAASubType=JucePlugin_PluginCode",
					"JucePlugin_IAAName=\\\"nihargagneja:\\ Padded\\\"",
					"JucePlugin_VSTNumMidiInputs=16",
					"JucePlugin_VSTNumMidiOutputs=16",
					"JUCE_STANDALONE_APPLICATION=JucePlugin_Build_Standalone",
				);
				GCC_VERSION = com.apple.compilers.llvm.clang.1_0;
				GENERATE_PKGINFO_FILE = YES;
				HEADER_SEARCH_PATHS = (
					"/Applications/JUCE/modules/juce_audio_processors/format_types/VST3_SDK",
					"../../JuceLibraryCode",
					"/Applications/JUCE/modules",
					"/Applications/JUCE/modules/juce_audio_plugin_client",
					"$(inherited)",
				);
				INFOPLIST_FILE = Info-VST3.plist;
				INFOPLIST_PREPROCESS = NO;
				INSTALL_PATH = "$(HOME)/Library/Audio/Plug-Ins/VST3/";
				LIBRARY_STYLE = Bundle;
				MACOSX_DEPLOYMENT_TARGET = 10.11;
				OTHER_LDFLAGS = "-bundle -lPadded";
				PRODUCT_BUNDLE_IDENTIFIER = com.nihargagneja.Padded;
				PRODUCT_NAME = "Padded";
				USE_HEADERMAP = NO;
				WRAPPER_EXTENSION = vst3;
			};
			name = Debug;
		};
		01B9E5B6829F98F37D32ACE1 = {
			isa = XCBuildConfiguration;
			buildSettings = {
				CLANG_CXX_LANGUAGE_STANDARD = "c++11";
				CLANG_CXX_LIBRARY = "libc++";
				CLANG_LINK_OBJC_RUNTIME = NO;
				CODE_SIGN_IDENTITY = "";
				COMBINE_HIDPI_IMAGES = YES;
				CONFIGURATION_BUILD_DIR = "$(PROJECT_DIR)/build/$(CONFIGURATION)";
				DEAD_CODE_STRIPPING = YES;
				DEPLOYMENT_LOCATION = YES;
				DSTROOT = /;
				GCC_GENERATE_DEBUGGING_SYMBOLS = NO;
				GCC_OPTIMIZATION_LEVEL = 3;
				GCC_PREPROCESSOR_DEFINITIONS = (
					"_NDEBUG=1",
					"NDEBUG=1",
					"JUCER_XCODE_MAC_F6D2F4CF=1",
					"JUCE_APP_VERSION=1.0.0",
					"JUCE_APP_VERSION_HEX=0x10000",
					"JucePlugin_Build_VST=0",
					"JucePlugin_Build_VST3=1",
					"JucePlugin_Build_AU=1",
					"JucePlugin_Build_AUv3=0",
					"JucePlugin_Build_RTAS=0",
					"JucePlugin_Build_AAX=0",
					"JucePlugin_Build_Standalone=1",
					"JucePlugin_Build_Unity=0",
					"JUCE_DISPLAY_SPLASH_SCREEN=1",
					"JUCE_USE_DARK_SPLASH_SCREEN=1",
					"JUCE_PROJUCER_VERSION=0x60001",
					"JUCE_MODULE_AVAILABLE_juce_audio_basics=1",
					"JUCE_MODULE_AVAILABLE_juce_audio_devices=1",
					"JUCE_MODULE_AVAILABLE_juce_audio_formats=1",
					"JUCE_MODULE_AVAILABLE_juce_audio_plugin_client=1",
					"JUCE_MODULE_AVAILABLE_juce_audio_processors=1",
					"JUCE_MODULE_AVAILABLE_juce_audio_utils=1",
					"JUCE_MODULE_AVAILABLE_juce_core=1",
					"JUCE_MODULE_AVAILABLE_juce_data_structures=1",
					"JUCE_MODULE_AVAILABLE_juce_events=1",
					"JUCE_MODULE_AVAILABLE_juce_graphics=1",
					"JUCE_MODULE_AVAILABLE_juce_gui_basics=1",
					"JUCE_MODULE_AVAILABLE_juce_gui_extra=1",
					"JUCE_GLOBAL_MODULE_SETTINGS_INCLUDED=1",
					"JUCE_VST3_CAN_REPLACE_VST2=0",
					"JUCE_STRICT_REFCOUNTEDPOINTER=1",
					"JucePlugin_Enable_IAA=0",
					"JucePlugin_Name=\\\"Padded\\\"",
					"JucePlugin_Desc=\\\"Padded\\\"",
					"JucePlugin_Manufacturer=\\\"nihargagneja\\\"",
					"JucePlugin_ManufacturerWebsite=\\\"\\\"",
					"JucePlugin_ManufacturerEmail=\\\"\\\"",
					"JucePlugin_ManufacturerCode=0x4d616e75",
					"JucePlugin_PluginCode=0x5266726f",
					"JucePlugin_IsSynth=1",
					"JucePlugin_WantsMidiInput=1",
					"JucePlugin_ProducesMidiOutput=0",
					"JucePlugin_IsMidiEffect=0",
					"JucePlugin_EditorRequiresKeyboardFocus=0",
					"JucePlugin_Version=1.0.0",
					"JucePlugin_VersionCode=0x10000",
					"JucePlugin_VersionString=\\\"1.0.0\\\"",
					"JucePlugin_VSTUniqueID=JucePlugin_PluginCode",
					"JucePlugin_VSTCategory=kPlugCategSynth",
					"JucePlugin_Vst3Category=\\\"Instrument|Synth\\\"",
					"JucePlugin_AUMainType='aumu'",
					"JucePlugin_AUSubType=JucePlugin_PluginCode",
					"JucePlugin_AUExportPrefix=PaddedAU",
					"JucePlugin_AUExportPrefixQuoted=\\\"PaddedAU\\\"",
					"JucePlugin_AUManufacturerCode=JucePlugin_ManufacturerCode",
					"JucePlugin_CFBundleIdentifier=com.nihargagneja.Padded",
					"JucePlugin_RTASCategory=2048",
					"JucePlugin_RTASManufacturerCode=JucePlugin_ManufacturerCode",
					"JucePlugin_RTASProductId=JucePlugin_PluginCode",
					"JucePlugin_RTASDisableBypass=0",
					"JucePlugin_RTASDisableMultiMono=0",
					"JucePlugin_AAXIdentifier=com.nihargagneja.Padded",
					"JucePlugin_AAXManufacturerCode=JucePlugin_ManufacturerCode",
					"JucePlugin_AAXProductId=JucePlugin_PluginCode",
					"JucePlugin_AAXCategory=2048",
					"JucePlugin_AAXDisableBypass=0",
					"JucePlugin_AAXDisableMultiMono=0",
					"JucePlugin_IAAType=0x61757269",
					"JucePlugin_IAASubType=JucePlugin_PluginCode",
					"JucePlugin_IAAName=\\\"nihargagneja:\\ Padded\\\"",
					"JucePlugin_VSTNumMidiInputs=16",
					"JucePlugin_VSTNumMidiOutputs=16",
					"JUCE_STANDALONE_APPLICATION=JucePlugin_Build_Standalone",
				);
				GCC_VERSION = com.apple.compilers.llvm.clang.1_0;
				GENERATE_PKGINFO_FILE = YES;
				HEADER_SEARCH_PATHS = (
					"/Applications/JUCE/modules/juce_audio_processors/format_types/VST3_SDK",
					"../../JuceLibraryCode",
					"/Applications/JUCE/modules",
					"/Applications/JUCE/modules/juce_audio_plugin_client",
					"$(inherited)",
				);
				INFOPLIST_FILE = Info-VST3.plist;
				INFOPLIST_PREPROCESS = NO;
				INSTALL_PATH = "$(HOME)/Library/Audio/Plug-Ins/VST3/";
				LIBRARY_STYLE = Bundle;
				LLVM_LTO = YES;
				MACOSX_DEPLOYMENT_TARGET = 10.11;
				OTHER_LDFLAGS = "-bundle -lPadded";
				PRODUCT_BUNDLE_IDENTIFIER = com.nihargagneja.Padded;
				PRODUCT_NAME = "Padded";
				USE_HEADERMAP = NO;
				WRAPPER_EXTENSION = vst3;
			};
			name = Release;
		};
		F864FFACE9D1301133F0BF2A = {
			isa = XCBuildConfiguration;
			buildSettings = {
				CLANG_CXX_LANGUAGE_STANDARD = "c++11";
				CLANG_CXX_LIBRARY = "libc++";
				CLANG_LINK_OBJC_RUNTIME = NO;
				CODE_SIGN_IDENTITY = "";
				COMBINE_HIDPI_IMAGES = YES;
				CONFIGURATION_BUILD_DIR = "$(PROJECT_DIR)/build/$(CONFIGURATION)";
				COPY_PHASE_STRIP = NO;
				DEPLOYMENT_LOCATION = YES;
				DSTROOT = /;
				GCC_DYNAMIC_NO_PIC = NO;
				GCC_OPTIMIZATION_LEVEL = 0;
				GCC_PREPROCESSOR_DEFINITIONS = (
					"_DEBUG=1",
					"DEBUG=1",
					"JUCER_XCODE_MAC_F6D2F4CF=1",
					"JUCE_APP_VERSION=1.0.0",
					"JUCE_APP_VERSION_HEX=0x10000",
					"JucePlugin_Build_VST=0",
					"JucePlugin_Build_VST3=1",
					"JucePlugin_Build_AU=1",
					"JucePlugin_Build_AUv3=0",
					"JucePlugin_Build_RTAS=0",
					"JucePlugin_Build_AAX=0",
					"JucePlugin_Build_Standalone=1",
					"JucePlugin_Build_Unity=0",
					"JUCE_DISPLAY_SPLASH_SCREEN=1",
					"JUCE_USE_DARK_SPLASH_SCREEN=1",
					"JUCE_PROJUCER_VERSION=0x60001",
					"JUCE_MODULE_AVAILABLE_juce_audio_basics=1",
					"JUCE_MODULE_AVAILABLE_juce_audio_devices=1",
					"JUCE_MODULE_AVAILABLE_juce_audio_formats=1",
					"JUCE_MODULE_AVAILABLE_juce_audio_plugin_client=1",
					"JUCE_MODULE_AVAILABLE_juce_audio_processors=1",
					"JUCE_MODULE_AVAILABLE_juce_audio_utils=1",
					"JUCE_MODULE_AVAILABLE_juce_core=1",
					"JUCE_MODULE_AVAILABLE_juce_data_structures=1",
					"JUCE_MODULE_AVAILABLE_juce_events=1",
					"JUCE_MODULE_AVAILABLE_juce_graphics=1",
					"JUCE_MODULE_AVAILABLE_juce_gui_basics=1",
					"JUCE_MODULE_AVAILABLE_juce_gui_extra=1",
					"JUCE_GLOBAL_MODULE_SETTINGS_INCLUDED=1",
					"JUCE_VST3_CAN_REPLACE_VST2=0",
					"JUCE_STRICT_REFCOUNTEDPOINTER=1",
					"JucePlugin_Enable_IAA=0",
					"JucePlugin_Name=\\\"Padded\\\"",
					"JucePlugin_Desc=\\\"Padded\\\"",
					"JucePlugin_Manufacturer=\\\"nihargagneja\\\"",
					"JucePlugin_ManufacturerWebsite=\\\"\\\"",
					"JucePlugin_ManufacturerEmail=\\\"\\\"",
					"JucePlugin_ManufacturerCode=0x4d616e75",
					"JucePlugin_PluginCode=0x5266726f",
					"JucePlugin_IsSynth=1",
					"JucePlugin_WantsMidiInput=1",
					"JucePlugin_ProducesMidiOutput=0",
					"JucePlugin_IsMidiEffect=0",
					"JucePlugin_EditorRequiresKeyboardFocus=0",
					"JucePlugin_Version=1.0.0",
					"JucePlugin_VersionCode=0x10000",
					"JucePlugin_VersionString=\\\"1.0.0\\\"",
					"JucePlugin_VSTUniqueID=JucePlugin_PluginCode",
					"JucePlugin_VSTCategory=kPlugCategSynth",
					"JucePlugin_Vst3Category=\\\"Instrument|Synth\\\"",
					"JucePlugin_AUMainType='aumu'",
					"JucePlugin_AUSubType=JucePlugin_PluginCode",
					"JucePlugin_AUExportPrefix=PaddedAU",
					"JucePlugin_AUExportPrefixQuoted=\\\"PaddedAU\\\"",
					"JucePlugin_AUManufacturerCode=JucePlugin_ManufacturerCode",
					"JucePlugin_CFBundleIdentifier=com.nihargagneja.Padded",
					"JucePlugin_RTASCategory=2048",
					"JucePlugin_RTASManufacturerCode=JucePlugin_ManufacturerCode",
					"JucePlugin_RTASProductId=JucePlugin_PluginCode",
					"JucePlugin_RTASDisableBypass=0",
					"JucePlugin_RTASDisableMultiMono=0",
					"JucePlugin_AAXIdentifier=com.nihargagneja.Padded",
					"JucePlugin_AAXManufacturerCode=JucePlugin_ManufacturerCode",
					"JucePlugin_AAXProductId=JucePlugin_PluginCode",
					"JucePlugin_AAXCategory=2048",
					"JucePlugin_AAXDisableBypass=0",
					"JucePlugin_AAXDisableMultiMono=0",
					"JucePlugin_IAAType=0x61757269",
					"JucePlugin_IAASubType=JucePlugin_PluginCode",
					"JucePlugin_IAAName=\\\"nihargagneja:\\ Padded\\\"",
					"JucePlugin_VSTNumMidiInputs=16",
					"JucePlugin_VSTNumMidiOutputs=16",
					"JUCE_STANDALONE_APPLICATION=JucePlugin_Build_Standalone",
				);
				GCC_VERSION = com.apple.compilers.llvm.clang.1_0;
				GENERATE_PKGINFO_FILE = YES;
				HEADER_SEARCH_PATHS = (
					"/Applications/JUCE/modules/juce_audio_processors/format_types/VST3_SDK",
					"../../JuceLibraryCode",
					"/Applications/JUCE/modules",
					"/Applications/JUCE/modules/juce_audio_plugin_client",
					"$(inherited)",
				);
				INFOPLIST_FILE = Info-AU.plist;
				INFOPLIST_PREPROCESS = NO;
				INSTALL_PATH = "$(HOME)/Library/Audio/Plug-Ins/Components/";
				LIBRARY_STYLE = Bundle;
				MACOSX_DEPLOYMENT_TARGET = 10.11;
				OTHER_LDFLAGS = "-bundle -lPadded";
				OTHER_REZFLAGS = "-d ppc_$ppc -d i386_$i386 -d ppc64_$ppc64 -d x86_64_$x86_64 -I /System/Library/Frameworks/CoreServices.framework/Frameworks/CarbonCore.framework/Versions/A/Headers -I \"$(DEVELOPER_DIR)/Extras/CoreAudio/AudioUnits/AUPublic/AUBase\" -I \"$(DEVELOPER_DIR)/Platforms/MacOSX.platform/Developer/SDKs/MacOSX.sdk/System/Library/Frameworks/AudioUnit.framework/Headers\"";
				PRODUCT_BUNDLE_IDENTIFIER = com.nihargagneja.Padded;
				PRODUCT_NAME = "Padded";
				USE_HEADERMAP = NO;
				WRAPPER_EXTENSION = component;
			};
			name = Debug;
		};
		9AC211A8F3028D029214E732 = {
			isa = XCBuildConfiguration;
			buildSettings = {
				CLANG_CXX_LANGUAGE_STANDARD = "c++11";
				CLANG_CXX_LIBRARY = "libc++";
				CLANG_LINK_OBJC_RUNTIME = NO;
				CODE_SIGN_IDENTITY = "";
				COMBINE_HIDPI_IMAGES = YES;
				CONFIGURATION_BUILD_DIR = "$(PROJECT_DIR)/build/$(CONFIGURATION)";
				DEAD_CODE_STRIPPING = YES;
				DEPLOYMENT_LOCATION = YES;
				DSTROOT = /;
				GCC_GENERATE_DEBUGGING_SYMBOLS = NO;
				GCC_OPTIMIZATION_LEVEL = 3;
				GCC_PREPROCESSOR_DEFINITIONS = (
					"_NDEBUG=1",
					"NDEBUG=1",
					"JUCER_XCODE_MAC_F6D2F4CF=1",
					"JUCE_APP_VERSION=1.0.0",
					"JUCE_APP_VERSION_HEX=0x10000",
					"JucePlugin_Build_VST=0",
					"JucePlugin_Build_VST3=1",
					"JucePlugin_Build_AU=1",
					"JucePlugin_Build_AUv3=0",
					"JucePlugin_Build_RTAS=0",
					"JucePlugin_Build_AAX=0",
					"JucePlugin_Build_Standalone=1",
					"JucePlugin_Build_Unity=0",
					"JUCE_DISPLAY_SPLASH_SCREEN=1",
					"JUCE_USE_DARK_SPLASH_SCREEN=1",
					"JUCE_PROJUCER_VERSION=0x60001",
					"JUCE_MODULE_AVAILABLE_juce_audio_basics=1",
					"JUCE_MODULE_AVAILABLE_juce_audio_devices=1",
					"JUCE_MODULE_AVAILABLE_juce_audio_formats=1",
					"JUCE_MODULE_AVAILABLE_juce_audio_plugin_client=1",
					"JUCE_MODULE_AVAILABLE_juce_audio_processors=1",
					"JUCE_MODULE_AVAILABLE_juce_audio_utils=1",
					"JUCE_MODULE_AVAILABLE_juce_core=1",
					"JUCE_MODULE_AVAILABLE_juce_data_structures=1",
					"JUCE_MODULE_AVAILABLE_juce_events=1",
					"JUCE_MODULE_AVAILABLE_juce_graphics=1",
					"JUCE_MODULE_AVAILABLE_juce_gui_basics=1",
					"JUCE_MODULE_AVAILABLE_juce_gui_extra=1",
					"JUCE_GLOBAL_MODULE_SETTINGS_INCLUDED=1",
					"JUCE_VST3_CAN_REPLACE_VST2=0",
					"JUCE_STRICT_REFCOUNTEDPOINTER=1",
					"JucePlugin_Enable_IAA=0",
					"JucePlugin_Name=\\\"Padded\\\"",
					"JucePlugin_Desc=\\\"Padded\\\"",
					"JucePlugin_Manufacturer=\\\"nihargagneja\\\"",
					"JucePlugin_ManufacturerWebsite=\\\"\\\"",
					"JucePlugin_ManufacturerEmail=\\\"\\\"",
					"JucePlugin_ManufacturerCode=0x4d616e75",
					"JucePlugin_PluginCode=0x5266726f",
					"JucePlugin_IsSynth=1",
					"JucePlugin_WantsMidiInput=1",
					"JucePlugin_ProducesMidiOutput=0",
					"JucePlugin_IsMidiEffect=0",
					"JucePlugin_EditorRequiresKeyboardFocus=0",
					"JucePlugin_Version=1.0.0",
					"JucePlugin_VersionCode=0x10000",
					"JucePlugin_VersionString=\\\"1.0.0\\\"",
					"JucePlugin_VSTUniqueID=JucePlugin_PluginCode",
					"JucePlugin_VSTCategory=kPlugCategSynth",
					"JucePlugin_Vst3Category=\\\"Instrument|Synth\\\"",
					"JucePlugin_AUMainType='aumu'",
					"JucePlugin_AUSubType=JucePlugin_PluginCode",
					"JucePlugin_AUExportPrefix=PaddedAU",
					"JucePlugin_AUExportPrefixQuoted=\\\"PaddedAU\\\"",
					"JucePlugin_AUManufacturerCode=JucePlugin_ManufacturerCode",
					"JucePlugin_CFBundleIdentifier=com.nihargagneja.Padded",
					"JucePlugin_RTASCategory=2048",
					"JucePlugin_RTASManufacturerCode=JucePlugin_ManufacturerCode",
					"JucePlugin_RTASProductId=JucePlugin_PluginCode",
					"JucePlugin_RTASDisableBypass=0",
					"JucePlugin_RTASDisableMultiMono=0",
					"JucePlugin_AAXIdentifier=com.nihargagneja.Padded",
					"JucePlugin_AAXManufacturerCode=JucePlugin_ManufacturerCode",
					"JucePlugin_AAXProductId=JucePlugin_PluginCode",
					"JucePlugin_AAXCategory=2048",
					"JucePlugin_AAXDisableBypass=0",
					"JucePlugin_AAXDisableMultiMono=0",
					"JucePlugin_IAAType=0x61757269",
					"JucePlugin_IAASubType=JucePlugin_PluginCode",
					"JucePlugin_IAAName=\\\"nihargagneja:\\ Padded\\\"",
					"JucePlugin_VSTNumMidiInputs=16",
					"JucePlugin_VSTNumMidiOutputs=16",
					"JUCE_STANDALONE_APPLICATION=JucePlugin_Build_Standalone",
				);
				GCC_VERSION = com.apple.compilers.llvm.clang.1_0;
				GENERATE_PKGINFO_FILE = YES;
				HEADER_SEARCH_PATHS = (
					"/Applications/JUCE/modules/juce_audio_processors/format_types/VST3_SDK",
					"../../JuceLibraryCode",
					"/Applications/JUCE/modules",
					"/Applications/JUCE/modules/juce_audio_plugin_client",
					"$(inherited)",
				);
				INFOPLIST_FILE = Info-AU.plist;
				INFOPLIST_PREPROCESS = NO;
				INSTALL_PATH = "$(HOME)/Library/Audio/Plug-Ins/Components/";
				LIBRARY_STYLE = Bundle;
				LLVM_LTO = YES;
				MACOSX_DEPLOYMENT_TARGET = 10.11;
				OTHER_LDFLAGS = "-bundle -lPadded";
				OTHER_REZFLAGS = "-d ppc_$ppc -d i386_$i386 -d ppc64_$ppc64 -d x86_64_$x86_64 -I /System/Library/Frameworks/CoreServices.framework/Frameworks/CarbonCore.framework/Versions/A/Headers -I \"$(DEVELOPER_DIR)/Extras/CoreAudio/AudioUnits/AUPublic/AUBase\" -I \"$(DEVELOPER_DIR)/Platforms/MacOSX.platform/Developer/SDKs/MacOSX.sdk/System/Library/Frameworks/AudioUnit.framework/Headers\"";
				PRODUCT_BUNDLE_IDENTIFIER = com.nihargagneja.Padded;
				PRODUCT_NAME = "Padded";
				USE_HEADERMAP = NO;
				WRAPPER_EXTENSION = component;
			};
			name = Release;
		};
		5C95DEADE279AD9F8AFAF0CB = {
			isa = XCBuildConfiguration;
			buildSettings = {
				CLANG_CXX_LANGUAGE_STANDARD = "c++11";
				CLANG_CXX_LIBRARY = "libc++";
				CLANG_LINK_OBJC_RUNTIME = NO;
				CODE_SIGN_IDENTITY = "";
				COMBINE_HIDPI_IMAGES = YES;
				CONFIGURATION_BUILD_DIR = "$(PROJECT_DIR)/build/$(CONFIGURATION)";
				COPY_PHASE_STRIP = NO;
				GCC_DYNAMIC_NO_PIC = NO;
				GCC_OPTIMIZATION_LEVEL = 0;
				GCC_PREPROCESSOR_DEFINITIONS = (
					"_DEBUG=1",
					"DEBUG=1",
					"JUCER_XCODE_MAC_F6D2F4CF=1",
					"JUCE_APP_VERSION=1.0.0",
					"JUCE_APP_VERSION_HEX=0x10000",
					"JucePlugin_Build_VST=0",
					"JucePlugin_Build_VST3=1",
					"JucePlugin_Build_AU=1",
					"JucePlugin_Build_AUv3=0",
					"JucePlugin_Build_RTAS=0",
					"JucePlugin_Build_AAX=0",
					"JucePlugin_Build_Standalone=1",
					"JucePlugin_Build_Unity=0",
					"JUCE_DISPLAY_SPLASH_SCREEN=1",
					"JUCE_USE_DARK_SPLASH_SCREEN=1",
					"JUCE_PROJUCER_VERSION=0x60001",
					"JUCE_MODULE_AVAILABLE_juce_audio_basics=1",
					"JUCE_MODULE_AVAILABLE_juce_audio_devices=1",
					"JUCE_MODULE_AVAILABLE_juce_audio_formats=1",
					"JUCE_MODULE_AVAILABLE_juce_audio_plugin_client=1",
					"JUCE_MODULE_AVAILABLE_juce_audio_processors=1",
					"JUCE_MODULE_AVAILABLE_juce_audio_utils=1",
					"JUCE_MODULE_AVAILABLE_juce_core=1",
					"JUCE_MODULE_AVAILABLE_juce_data_structures=1",
					"JUCE_MODULE_AVAILABLE_juce_events=1",
					"JUCE_MODULE_AVAILABLE_juce_graphics=1",
					"JUCE_MODULE_AVAILABLE_juce_gui_basics=1",
					"JUCE_MODULE_AVAILABLE_juce_gui_extra=1",
					"JUCE_GLOBAL_MODULE_SETTINGS_INCLUDED=1",
					"JUCE_VST3_CAN_REPLACE_VST2=0",
					"JUCE_STRICT_REFCOUNTEDPOINTER=1",
					"JucePlugin_Enable_IAA=0",
					"JucePlugin_Name=\\\"Padded\\\"",
					"JucePlugin_Desc=\\\"Padded\\\"",
					"JucePlugin_Manufacturer=\\\"nihargagneja\\\"",
					"JucePlugin_ManufacturerWebsite=\\\"\\\"",
					"JucePlugin_ManufacturerEmail=\\\"\\\"",
					"JucePlugin_ManufacturerCode=0x4d616e75",
					"JucePlugin_PluginCode=0x5266726f",
					"JucePlugin_IsSynth=1",
					"JucePlugin_WantsMidiInput=1",
					"JucePlugin_ProducesMidiOutput=0",
					"JucePlugin_IsMidiEffect=0",
					"JucePlugin_EditorRequiresKeyboardFocus=0",
					"JucePlugin_Version=1.0.0",
					"JucePlugin_VersionCode=0x10000",
					"JucePlugin_VersionString=\\\"1.0.0\\\"",
					"JucePlugin_VSTUniqueID=JucePlugin_PluginCode",
					"JucePlugin_VSTCategory=kPlugCategSynth",
					"JucePlugin_Vst3Category=\\\"Instrument|Synth\\\"",
					"JucePlugin_AUMainType='aumu'",
					"JucePlugin_AUSubType=JucePlugin_PluginCode",
					"JucePlugin_AUExportPrefix=PaddedAU",
					"JucePlugin_AUExportPrefixQuoted=\\\"PaddedAU\\\"",
					"JucePlugin_AUManufacturerCode=JucePlugin_ManufacturerCode",
					"JucePlugin_CFBundleIdentifier=com.nihargagneja.Padded",
					"JucePlugin_RTASCategory=2048",
					"JucePlugin_RTASManufacturerCode=JucePlugin_ManufacturerCode",
					"JucePlugin_RTASProductId=JucePlugin_PluginCode",
					"JucePlugin_RTASDisableBypass=0",
					"JucePlugin_RTASDisableMultiMono=0",
					"JucePlugin_AAXIdentifier=com.nihargagneja.Padded",
					"JucePlugin_AAXManufacturerCode=JucePlugin_ManufacturerCode",
					"JucePlugin_AAXProductId=JucePlugin_PluginCode",
					"JucePlugin_AAXCategory=2048",
					"JucePlugin_AAXDisableBypass=0",
					"JucePlugin_AAXDisableMultiMono=0",
					"JucePlugin_IAAType=0x61757269",
					"JucePlugin_IAASubType=JucePlugin_PluginCode",
					"JucePlugin_IAAName=\\\"nihargagneja:\\ Padded\\\"",
					"JucePlugin_VSTNumMidiInputs=16",
					"JucePlugin_VSTNumMidiOutputs=16",
					"JUCE_STANDALONE_APPLICATION=JucePlugin_Build_Standalone",
				);
				GCC_VERSION = com.apple.compilers.llvm.clang.1_0;
				HEADER_SEARCH_PATHS = (
					"/Applications/JUCE/modules/juce_audio_processors/format_types/VST3_SDK",
					"../../JuceLibraryCode",
					"/Applications/JUCE/modules",
					"/Applications/JUCE/modules/juce_audio_plugin_client",
					"$(inherited)",
				);
				INFOPLIST_FILE = Info-Standalone_Plugin.plist;
				INFOPLIST_PREPROCESS = NO;
				MACOSX_DEPLOYMENT_TARGET = 10.11;
				OTHER_LDFLAGS = "-lPadded";
				PRODUCT_BUNDLE_IDENTIFIER = com.nihargagneja.Padded;
				PRODUCT_NAME = "Padded";
				USE_HEADERMAP = NO;
			};
			name = Debug;
		};
		68738D57F45A7FA1BABF0468 = {
			isa = XCBuildConfiguration;
			buildSettings = {
				CLANG_CXX_LANGUAGE_STANDARD = "c++11";
				CLANG_CXX_LIBRARY = "libc++";
				CLANG_LINK_OBJC_RUNTIME = NO;
				CODE_SIGN_IDENTITY = "";
				COMBINE_HIDPI_IMAGES = YES;
				CONFIGURATION_BUILD_DIR = "$(PROJECT_DIR)/build/$(CONFIGURATION)";
				DEAD_CODE_STRIPPING = YES;
				GCC_GENERATE_DEBUGGING_SYMBOLS = NO;
				GCC_OPTIMIZATION_LEVEL = 3;
				GCC_PREPROCESSOR_DEFINITIONS = (
					"_NDEBUG=1",
					"NDEBUG=1",
					"JUCER_XCODE_MAC_F6D2F4CF=1",
					"JUCE_APP_VERSION=1.0.0",
					"JUCE_APP_VERSION_HEX=0x10000",
					"JucePlugin_Build_VST=0",
					"JucePlugin_Build_VST3=1",
					"JucePlugin_Build_AU=1",
					"JucePlugin_Build_AUv3=0",
					"JucePlugin_Build_RTAS=0",
					"JucePlugin_Build_AAX=0",
					"JucePlugin_Build_Standalone=1",
					"JucePlugin_Build_Unity=0",
					"JUCE_DISPLAY_SPLASH_SCREEN=1",
					"JUCE_USE_DARK_SPLASH_SCREEN=1",
					"JUCE_PROJUCER_VERSION=0x60001",
					"JUCE_MODULE_AVAILABLE_juce_audio_basics=1",
					"JUCE_MODULE_AVAILABLE_juce_audio_devices=1",
					"JUCE_MODULE_AVAILABLE_juce_audio_formats=1",
					"JUCE_MODULE_AVAILABLE_juce_audio_plugin_client=1",
					"JUCE_MODULE_AVAILABLE_juce_audio_processors=1",
					"JUCE_MODULE_AVAILABLE_juce_audio_utils=1",
					"JUCE_MODULE_AVAILABLE_juce_core=1",
					"JUCE_MODULE_AVAILABLE_juce_data_structures=1",
					"JUCE_MODULE_AVAILABLE_juce_events=1",
					"JUCE_MODULE_AVAILABLE_juce_graphics=1",
					"JUCE_MODULE_AVAILABLE_juce_gui_basics=1",
					"JUCE_MODULE_AVAILABLE_juce_gui_extra=1",
					"JUCE_GLOBAL_MODULE_SETTINGS_INCLUDED=1",
					"JUCE_VST3_CAN_REPLACE_VST2=0",
					"JUCE_STRICT_REFCOUNTEDPOINTER=1",
					"JucePlugin_Enable_IAA=0",
					"JucePlugin_Name=\\\"Padded\\\"",
					"JucePlugin_Desc=\\\"Padded\\\"",
					"JucePlugin_Manufacturer=\\\"nihargagneja\\\"",
					"JucePlugin_ManufacturerWebsite=\\\"\\\"",
					"JucePlugin_ManufacturerEmail=\\\"\\\"",
					"JucePlugin_ManufacturerCode=0x4d616e75",
					"JucePlugin_PluginCode=0x5266726f",
					"JucePlugin_IsSynth=1",
					"JucePlugin_WantsMidiInput=1",
					"JucePlugin_ProducesMidiOutput=0",
					"JucePlugin_IsMidiEffect=0",
					"JucePlugin_EditorRequiresKeyboardFocus=0",
					"JucePlugin_Version=1.0.0",
					"JucePlugin_VersionCode=0x10000",
					"JucePlugin_VersionString=\\\"1.0.0\\\"",
					"JucePlugin_VSTUniqueID=JucePlugin_PluginCode",
					"JucePlugin_VSTCategory=kPlugCategSynth",
					"JucePlugin_Vst3Category=\\\"Instrument|Synth\\\"",
					"JucePlugin_AUMainType='aumu'",
					"JucePlugin_AUSubType=JucePlugin_PluginCode",
					"JucePlugin_AUExportPrefix=PaddedAU",
					"JucePlugin_AUExportPrefixQuoted=\\\"PaddedAU\\\"",
					"JucePlugin_AUManufacturerCode=JucePlugin_ManufacturerCode",
					"JucePlugin_CFBundleIdentifier=com.nihargagneja.Padded",
					"JucePlugin_RTASCategory=2048",
					"JucePlugin_RTASManufacturerCode=JucePlugin_ManufacturerCode",
					"JucePlugin_RTASProductId=JucePlugin_PluginCode",
					"JucePlugin_RTASDisableBypass=0",
					"JucePlugin_RTASDisableMultiMono=0",
					"JucePlugin_AAXIdentifier=com.nihargagneja.Padded",
					"JucePlugin_AAXManufacturerCode=JucePlugin_ManufacturerCode",
					"JucePlugin_AAXProductId=JucePlugin_PluginCode",
					"JucePlugin_AAXCategory=2048",
					"JucePlugin_AAXDisableBypass=0",
					"JucePlugin_AAXDisableMultiMono=0",
					"JucePlugin_IAAType=0x61757269",
					"JucePlugin_IAASubType=JucePlugin_PluginCode",
					"JucePlugin_IAAName=\\\"nihargagneja:\\ Padded\\\"",
					"JucePlugin_VSTNumMidiInputs=16",
					"JucePlugin_VSTNumMidiOutputs=16",
					"JUCE_STANDALONE_APPLICATION=JucePlugin_Build_Standalone",
				);
				GCC_VERSION = com.apple.compilers.llvm.clang.1_0;
				HEADER_SEARCH_PATHS = (
					"/Applications/JUCE/modules/juce_audio_processors/format_types/VST3_SDK",
					"../../JuceLibraryCode",
					"/Applications/JUCE/modules",
					"/Applications/JUCE/modules/juce_audio_plugin_client",
					"$(inherited)",
				);
				INFOPLIST_FILE = Info-Standalone_Plugin.plist;
				INFOPLIST_PREPROCESS = NO;
				LLVM_LTO = YES;
				MACOSX_DEPLOYMENT_TARGET = 10.11;
				OTHER_LDFLAGS = "-lPadded";
				PRODUCT_BUNDLE_IDENTIFIER = com.nihargagneja.Padded;
				PRODUCT_NAME = "Padded";
				USE_HEADERMAP = NO;
			};
			name = Release;
		};
		68089AEE6503F456F34BE66A = {
			isa = XCBuildConfiguration;
			buildSettings = {
				CLANG_CXX_LANGUAGE_STANDARD = "c++11";
				CLANG_CXX_LIBRARY = "libc++";
				CLANG_LINK_OBJC_RUNTIME = NO;
				CODE_SIGN_IDENTITY = "";
				COMBINE_HIDPI_IMAGES = YES;
				CONFIGURATION_BUILD_DIR = "$(PROJECT_DIR)/build/$(CONFIGURATION)";
				COPY_PHASE_STRIP = NO;
				GCC_DYNAMIC_NO_PIC = NO;
				GCC_OPTIMIZATION_LEVEL = 0;
				GCC_PREPROCESSOR_DEFINITIONS = (
					"_DEBUG=1",
					"DEBUG=1",
					"JUCER_XCODE_MAC_F6D2F4CF=1",
					"JUCE_APP_VERSION=1.0.0",
					"JUCE_APP_VERSION_HEX=0x10000",
					"JucePlugin_Build_VST=0",
					"JucePlugin_Build_VST3=1",
					"JucePlugin_Build_AU=1",
					"JucePlugin_Build_AUv3=0",
					"JucePlugin_Build_RTAS=0",
					"JucePlugin_Build_AAX=0",
					"JucePlugin_Build_Standalone=1",
					"JucePlugin_Build_Unity=0",
					"JUCE_SHARED_CODE=1",
					"JUCE_DISPLAY_SPLASH_SCREEN=1",
					"JUCE_USE_DARK_SPLASH_SCREEN=1",
					"JUCE_PROJUCER_VERSION=0x60001",
					"JUCE_MODULE_AVAILABLE_juce_audio_basics=1",
					"JUCE_MODULE_AVAILABLE_juce_audio_devices=1",
					"JUCE_MODULE_AVAILABLE_juce_audio_formats=1",
					"JUCE_MODULE_AVAILABLE_juce_audio_plugin_client=1",
					"JUCE_MODULE_AVAILABLE_juce_audio_processors=1",
					"JUCE_MODULE_AVAILABLE_juce_audio_utils=1",
					"JUCE_MODULE_AVAILABLE_juce_core=1",
					"JUCE_MODULE_AVAILABLE_juce_data_structures=1",
					"JUCE_MODULE_AVAILABLE_juce_events=1",
					"JUCE_MODULE_AVAILABLE_juce_graphics=1",
					"JUCE_MODULE_AVAILABLE_juce_gui_basics=1",
					"JUCE_MODULE_AVAILABLE_juce_gui_extra=1",
					"JUCE_GLOBAL_MODULE_SETTINGS_INCLUDED=1",
					"JUCE_VST3_CAN_REPLACE_VST2=0",
					"JUCE_STRICT_REFCOUNTEDPOINTER=1",
					"JucePlugin_Enable_IAA=0",
					"JucePlugin_Name=\\\"Padded\\\"",
					"JucePlugin_Desc=\\\"Padded\\\"",
					"JucePlugin_Manufacturer=\\\"nihargagneja\\\"",
					"JucePlugin_ManufacturerWebsite=\\\"\\\"",
					"JucePlugin_ManufacturerEmail=\\\"\\\"",
					"JucePlugin_ManufacturerCode=0x4d616e75",
					"JucePlugin_PluginCode=0x5266726f",
					"JucePlugin_IsSynth=1",
					"JucePlugin_WantsMidiInput=1",
					"JucePlugin_ProducesMidiOutput=0",
					"JucePlugin_IsMidiEffect=0",
					"JucePlugin_EditorRequiresKeyboardFocus=0",
					"JucePlugin_Version=1.0.0",
					"JucePlugin_VersionCode=0x10000",
					"JucePlugin_VersionString=\\\"1.0.0\\\"",
					"JucePlugin_VSTUniqueID=JucePlugin_PluginCode",
					"JucePlugin_VSTCategory=kPlugCategSynth",
					"JucePlugin_Vst3Category=\\\"Instrument|Synth\\\"",
					"JucePlugin_AUMainType='aumu'",
					"JucePlugin_AUSubType=JucePlugin_PluginCode",
					"JucePlugin_AUExportPrefix=PaddedAU",
					"JucePlugin_AUExportPrefixQuoted=\\\"PaddedAU\\\"",
					"JucePlugin_AUManufacturerCode=JucePlugin_ManufacturerCode",
					"JucePlugin_CFBundleIdentifier=com.nihargagneja.Padded",
					"JucePlugin_RTASCategory=2048",
					"JucePlugin_RTASManufacturerCode=JucePlugin_ManufacturerCode",
					"JucePlugin_RTASProductId=JucePlugin_PluginCode",
					"JucePlugin_RTASDisableBypass=0",
					"JucePlugin_RTASDisableMultiMono=0",
					"JucePlugin_AAXIdentifier=com.nihargagneja.Padded",
					"JucePlugin_AAXManufacturerCode=JucePlugin_ManufacturerCode",
					"JucePlugin_AAXProductId=JucePlugin_PluginCode",
					"JucePlugin_AAXCategory=2048",
					"JucePlugin_AAXDisableBypass=0",
					"JucePlugin_AAXDisableMultiMono=0",
					"JucePlugin_IAAType=0x61757269",
					"JucePlugin_IAASubType=JucePlugin_PluginCode",
					"JucePlugin_IAAName=\\\"nihargagneja:\\ Padded\\\"",
					"JucePlugin_VSTNumMidiInputs=16",
					"JucePlugin_VSTNumMidiOutputs=16",
					"JUCE_STANDALONE_APPLICATION=JucePlugin_Build_Standalone",
				);
				GCC_VERSION = com.apple.compilers.llvm.clang.1_0;
				HEADER_SEARCH_PATHS = (
					"/Applications/JUCE/modules/juce_audio_processors/format_types/VST3_SDK",
					"../../JuceLibraryCode",
					"/Applications/JUCE/modules",
					"/Applications/JUCE/modules/juce_audio_plugin_client",
					"$(inherited)",
				);
				INSTALL_PATH = "@executable_path/../Frameworks";
				MACOSX_DEPLOYMENT_TARGET = 10.11;
				PRODUCT_BUNDLE_IDENTIFIER = com.nihargagneja.Padded;
				PRODUCT_NAME = "Padded";
				SKIP_INSTALL = YES;
				USE_HEADERMAP = NO;
			};
			name = Debug;
		};
		C8AB34E95300CFB3FDEBF10C = {
			isa = XCBuildConfiguration;
			buildSettings = {
				CLANG_CXX_LANGUAGE_STANDARD = "c++11";
				CLANG_CXX_LIBRARY = "libc++";
				CLANG_LINK_OBJC_RUNTIME = NO;
				CODE_SIGN_IDENTITY = "";
				COMBINE_HIDPI_IMAGES = YES;
				CONFIGURATION_BUILD_DIR = "$(PROJECT_DIR)/build/$(CONFIGURATION)";
				DEAD_CODE_STRIPPING = YES;
				GCC_GENERATE_DEBUGGING_SYMBOLS = NO;
				GCC_OPTIMIZATION_LEVEL = 3;
				GCC_PREPROCESSOR_DEFINITIONS = (
					"_NDEBUG=1",
					"NDEBUG=1",
					"JUCER_XCODE_MAC_F6D2F4CF=1",
					"JUCE_APP_VERSION=1.0.0",
					"JUCE_APP_VERSION_HEX=0x10000",
					"JucePlugin_Build_VST=0",
					"JucePlugin_Build_VST3=1",
					"JucePlugin_Build_AU=1",
					"JucePlugin_Build_AUv3=0",
					"JucePlugin_Build_RTAS=0",
					"JucePlugin_Build_AAX=0",
					"JucePlugin_Build_Standalone=1",
					"JucePlugin_Build_Unity=0",
					"JUCE_SHARED_CODE=1",
					"JUCE_DISPLAY_SPLASH_SCREEN=1",
					"JUCE_USE_DARK_SPLASH_SCREEN=1",
					"JUCE_PROJUCER_VERSION=0x60001",
					"JUCE_MODULE_AVAILABLE_juce_audio_basics=1",
					"JUCE_MODULE_AVAILABLE_juce_audio_devices=1",
					"JUCE_MODULE_AVAILABLE_juce_audio_formats=1",
					"JUCE_MODULE_AVAILABLE_juce_audio_plugin_client=1",
					"JUCE_MODULE_AVAILABLE_juce_audio_processors=1",
					"JUCE_MODULE_AVAILABLE_juce_audio_utils=1",
					"JUCE_MODULE_AVAILABLE_juce_core=1",
					"JUCE_MODULE_AVAILABLE_juce_data_structures=1",
					"JUCE_MODULE_AVAILABLE_juce_events=1",
					"JUCE_MODULE_AVAILABLE_juce_graphics=1",
					"JUCE_MODULE_AVAILABLE_juce_gui_basics=1",
					"JUCE_MODULE_AVAILABLE_juce_gui_extra=1",
					"JUCE_GLOBAL_MODULE_SETTINGS_INCLUDED=1",
					"JUCE_VST3_CAN_REPLACE_VST2=0",
					"JUCE_STRICT_REFCOUNTEDPOINTER=1",
					"JucePlugin_Enable_IAA=0",
					"JucePlugin_Name=\\\"Padded\\\"",
					"JucePlugin_Desc=\\\"Padded\\\"",
					"JucePlugin_Manufacturer=\\\"nihargagneja\\\"",
					"JucePlugin_ManufacturerWebsite=\\\"\\\"",
					"JucePlugin_ManufacturerEmail=\\\"\\\"",
					"JucePlugin_ManufacturerCode=0x4d616e75",
					"JucePlugin_PluginCode=0x5266726f",
					"JucePlugin_IsSynth=1",
					"JucePlugin_WantsMidiInput=1",
					"JucePlugin_ProducesMidiOutput=0",
					"JucePlugin_IsMidiEffect=0",
					"JucePlugin_EditorRequiresKeyboardFocus=0",
					"JucePlugin_Version=1.0.0",
					"JucePlugin_VersionCode=0x10000",
					"JucePlugin_VersionString=\\\"1.0.0\\\"",
					"JucePlugin_VSTUniqueID=JucePlugin_PluginCode",
					"JucePlugin_VSTCategory=kPlugCategSynth",
					"JucePlugin_Vst3Category=\\\"Instrument|Synth\\\"",
					"JucePlugin_AUMainType='aumu'",
					"JucePlugin_AUSubType=JucePlugin_PluginCode",
					"JucePlugin_AUExportPrefix=PaddedAU",
					"JucePlugin_AUExportPrefixQuoted=\\\"PaddedAU\\\"",
					"JucePlugin_AUManufacturerCode=JucePlugin_ManufacturerCode",
					"JucePlugin_CFBundleIdentifier=com.nihargagneja.Padded",
					"JucePlugin_RTASCategory=2048",
					"JucePlugin_RTASManufacturerCode=JucePlugin_ManufacturerCode",
					"JucePlugin_RTASProductId=JucePlugin_PluginCode",
					"JucePlugin_RTASDisableBypass=0",
					"JucePlugin_RTASDisableMultiMono=0",
					"JucePlugin_AAXIdentifier=com.nihargagneja.Padded",
					"JucePlugin_AAXManufacturerCode=JucePlugin_ManufacturerCode",
					"JucePlugin_AAXProductId=JucePlugin_PluginCode",
					"JucePlugin_AAXCategory=2048",
					"JucePlugin_AAXDisableBypass=0",
					"JucePlugin_AAXDisableMultiMono=0",
					"JucePlugin_IAAType=0x61757269",
					"JucePlugin_IAASubType=JucePlugin_PluginCode",
					"JucePlugin_IAAName=\\\"nihargagneja:\\ Padded\\\"",
					"JucePlugin_VSTNumMidiInputs=16",
					"JucePlugin_VSTNumMidiOutputs=16",
					"JUCE_STANDALONE_APPLICATION=JucePlugin_Build_Standalone",
				);
				GCC_VERSION = com.apple.compilers.llvm.clang.1_0;
				HEADER_SEARCH_PATHS = (
					"/Applications/JUCE/modules/juce_audio_processors/format_types/VST3_SDK",
					"../../JuceLibraryCode",
					"/Applications/JUCE/modules",
					"/Applications/JUCE/modules/juce_audio_plugin_client",
					"$(inherited)",
				);
				INSTALL_PATH = "@executable_path/../Frameworks";
				LLVM_LTO = YES;
				MACOSX_DEPLOYMENT_TARGET = 10.11;
				PRODUCT_BUNDLE_IDENTIFIER = com.nihargagneja.Padded;
				PRODUCT_NAME = "Padded";
				SKIP_INSTALL = YES;
				USE_HEADERMAP = NO;
			};
			name = Release;
		};
		BAEF681F38288A719C91ED45 = {
			isa = XCBuildConfiguration;
			buildSettings = {
				ALWAYS_SEARCH_USER_PATHS = NO;
				CLANG_ENABLE_OBJC_WEAK = YES;
				CLANG_WARN_BLOCK_CAPTURE_AUTORELEASING = YES;
				CLANG_WARN_BOOL_CONVERSION = YES;
				CLANG_WARN_COMMA = YES;
				CLANG_WARN_CONSTANT_CONVERSION = YES;
				CLANG_WARN_DEPRECATED_OBJC_IMPLEMENTATIONS = YES;
				CLANG_WARN_EMPTY_BODY = YES;
				CLANG_WARN_ENUM_CONVERSION = YES;
				CLANG_WARN_INFINITE_RECURSION = YES;
				CLANG_WARN_INT_CONVERSION = YES;
				CLANG_WARN_NON_LITERAL_NULL_CONVERSION = YES;
				CLANG_WARN_OBJC_IMPLICIT_RETAIN_SELF = YES;
				CLANG_WARN_OBJC_LITERAL_CONVERSION = YES;
				CLANG_WARN_RANGE_LOOP_ANALYSIS = YES;
				CLANG_WARN_STRICT_PROTOTYPES = YES;
				CLANG_WARN_SUSPICIOUS_MOVE = YES;
				CLANG_WARN_UNREACHABLE_CODE = YES;
				CLANG_WARN__DUPLICATE_METHOD_MATCH = YES;
				CODE_SIGN_IDENTITY = "";
				DEBUG_INFORMATION_FORMAT = dwarf;
				ENABLE_STRICT_OBJC_MSGSEND = YES;
				ENABLE_TESTABILITY = NO;
				GCC_C_LANGUAGE_STANDARD = c11;
				GCC_INLINES_ARE_PRIVATE_EXTERN = YES;
				GCC_MODEL_TUNING = G5;
				GCC_NO_COMMON_BLOCKS = YES;
				GCC_SYMBOLS_PRIVATE_EXTERN = YES;
				GCC_WARN_64_TO_32_BIT_CONVERSION = YES;
				GCC_WARN_ABOUT_RETURN_TYPE = YES;
				GCC_WARN_CHECK_SWITCH_STATEMENTS = YES;
				GCC_WARN_MISSING_PARENTHESES = YES;
				GCC_WARN_NON_VIRTUAL_DESTRUCTOR = YES;
				GCC_WARN_TYPECHECK_CALLS_TO_PRINTF = YES;
				GCC_WARN_UNDECLARED_SELECTOR = YES;
				GCC_WARN_UNINITIALIZED_AUTOS = YES;
				GCC_WARN_UNUSED_FUNCTION = YES;
				GCC_WARN_UNUSED_VARIABLE = YES;
				ONLY_ACTIVE_ARCH = YES;
				PRODUCT_NAME = "Padded";
				SDKROOT = macosx;
				WARNING_CFLAGS = "-Wreorder";
				ZERO_LINK = NO;
			};
			name = Debug;
		};
		DAA082C81FD3DC8899F47F95 = {
			isa = XCBuildConfiguration;
			buildSettings = {
				ALWAYS_SEARCH_USER_PATHS = NO;
				CLANG_ENABLE_OBJC_WEAK = YES;
				CLANG_WARN_BLOCK_CAPTURE_AUTORELEASING = YES;
				CLANG_WARN_BOOL_CONVERSION = YES;
				CLANG_WARN_COMMA = YES;
				CLANG_WARN_CONSTANT_CONVERSION = YES;
				CLANG_WARN_DEPRECATED_OBJC_IMPLEMENTATIONS = YES;
				CLANG_WARN_EMPTY_BODY = YES;
				CLANG_WARN_ENUM_CONVERSION = YES;
				CLANG_WARN_INFINITE_RECURSION = YES;
				CLANG_WARN_INT_CONVERSION = YES;
				CLANG_WARN_NON_LITERAL_NULL_CONVERSION = YES;
				CLANG_WARN_OBJC_IMPLICIT_RETAIN_SELF = YES;
				CLANG_WARN_OBJC_LITERAL_CONVERSION = YES;
				CLANG_WARN_RANGE_LOOP_ANALYSIS = YES;
				CLANG_WARN_STRICT_PROTOTYPES = YES;
				CLANG_WARN_SUSPICIOUS_MOVE = YES;
				CLANG_WARN_UNREACHABLE_CODE = YES;
				CLANG_WARN__DUPLICATE_METHOD_MATCH = YES;
				CODE_SIGN_IDENTITY = "";
				DEBUG_INFORMATION_FORMAT = dwarf;
				ENABLE_STRICT_OBJC_MSGSEND = YES;
				ENABLE_TESTABILITY = NO;
				GCC_C_LANGUAGE_STANDARD = c11;
				GCC_INLINES_ARE_PRIVATE_EXTERN = YES;
				GCC_MODEL_TUNING = G5;
				GCC_NO_COMMON_BLOCKS = YES;
				GCC_SYMBOLS_PRIVATE_EXTERN = YES;
				GCC_WARN_64_TO_32_BIT_CONVERSION = YES;
				GCC_WARN_ABOUT_RETURN_TYPE = YES;
				GCC_WARN_CHECK_SWITCH_STATEMENTS = YES;
				GCC_WARN_MISSING_PARENTHESES = YES;
				GCC_WARN_NON_VIRTUAL_DESTRUCTOR = YES;
				GCC_WARN_TYPECHECK_CALLS_TO_PRINTF = YES;
				GCC_WARN_UNDECLARED_SELECTOR = YES;
				GCC_WARN_UNINITIALIZED_AUTOS = YES;
				GCC_WARN_UNUSED_FUNCTION = YES;
				GCC_WARN_UNUSED_VARIABLE = YES;
				PRODUCT_NAME = "Padded";
				SDKROOT = macosx;
				WARNING_CFLAGS = "-Wreorder";
				ZERO_LINK = NO;
			};
			name = Release;
		};
		9FC9421629FDA01A440458F1 = {
			isa = XCConfigurationList;
			buildConfigurations = (
				BAEF681F38288A719C91ED45,
				DAA082C81FD3DC8899F47F95,
			);
			defaultConfigurationIsVisible = 0;
			defaultConfigurationName = Debug;
		};
		06B6C5E58AAF0380347B3498 = {
			isa = XCConfigurationList;
			buildConfigurations = (
				FCE03F8859D452BCBE6806E2,
				FB6F0077974289A2234CFBD6,
			);
			defaultConfigurationIsVisible = 0;
			defaultConfigurationName = Debug;
		};
		FFDEF7C7D69646CE2D0D83D1 = {
			isa = PBXAggregateTarget;
			buildConfigurationList = 06B6C5E58AAF0380347B3498;
			buildPhases = ( );
			buildRules = ( );
			dependencies = (
				4DB24C529CF6C326845D7AB0,
				E1D9CC1F12E833BDC812973C,
				35C39DB79EF8130BA7D7F1D6,
				41F418D281435879470515C5,
			);
			name = "Padded - All";
			productName = Padded;
		};
		F8E411B9510C24D4682AB51A = {
			isa = XCConfigurationList;
			buildConfigurations = (
				3995DC84A14C4CB1F3B3B498,
				01B9E5B6829F98F37D32ACE1,
			);
			defaultConfigurationIsVisible = 0;
			defaultConfigurationName = Debug;
		};
		F17797072E50D25A3CA28B9B = {
			isa = PBXResourcesBuildPhase;
			buildActionMask = 2147483647;
			files = (
				321B41C7D47353CDEC5C0F5B,
			);
			runOnlyForDeploymentPostprocessing = 0;
		};
		C2B07F0936BDD49FBEF47FF4 = {
			isa = PBXSourcesBuildPhase;
			buildActionMask = 2147483647;
			files = (
				E9C57BC7C720F103E0FD829B,
			);
			runOnlyForDeploymentPostprocessing = 0;
		};
		96BACA3D74C8B7E4A3CC5C77 = {
			isa = PBXFrameworksBuildPhase;
			buildActionMask = 2147483647;
			files = (
				E2DE4C31B45F79029ABBE386,
				0BA61AFDB0B7D8E5CA468341,
				1982D7CDBB2A9D0C22ED0FA9,
				ACEC47942353681F6AB23AFC,
				2CDF4FF3E9AC46A6578BC2FC,
				B48E0F46A5A7C7D3416628BC,
				7854BD4C1A2AC7DADA8D60A8,
				7E21A790E51E160B9D895AE0,
				485D854046DD8D51CA5C69FF,
				EECB8176BA797D73F7D442AC,
				1D84B63538F23DFF4CABFE06,
			);
			runOnlyForDeploymentPostprocessing = 0;
		};
		AC966FF9A2DB51C3C59CEB64 = {
			isa = PBXNativeTarget;
			buildConfigurationList = F8E411B9510C24D4682AB51A;
			buildPhases = (
				F17797072E50D25A3CA28B9B,
				C2B07F0936BDD49FBEF47FF4,
				96BACA3D74C8B7E4A3CC5C77,
			);
			buildRules = ( );
			dependencies = (
				9CA9A5456F7F710647AC2145,
			);
			name = "Padded - VST3";
			productName = Padded;
			productReference = 1A27140DAD62A4B29A7D454D;
			productType = "com.apple.product-type.bundle";
		};
		42E198D33A33F84452414EB7 = {
			isa = XCConfigurationList;
			buildConfigurations = (
				F864FFACE9D1301133F0BF2A,
				9AC211A8F3028D029214E732,
			);
			defaultConfigurationIsVisible = 0;
			defaultConfigurationName = Debug;
		};
		DEABA7EC8532C7AC13C4D86B = {
			isa = PBXResourcesBuildPhase;
			buildActionMask = 2147483647;
			files = (
				321B41C7D47353CDEC5C0F5B,
			);
			runOnlyForDeploymentPostprocessing = 0;
		};
		033E1EB3D2B2834BB21B48DD = {
			isa = PBXRezBuildPhase;
			buildActionMask = 2147483647;
			files = (
				C69CD43A7D505284E05F2D99,
			);
			runOnlyForDeploymentPostprocessing = 0;
		};
		0BA9551E627DD0174254DDB6 = {
			isa = PBXSourcesBuildPhase;
			buildActionMask = 2147483647;
			files = (
				D4D1B423CF6F838E8FC51620,
				B2C493917859D0F080134B7E,
			);
			runOnlyForDeploymentPostprocessing = 0;
		};
		9EA04C05231538B7C50E3696 = {
			isa = PBXFrameworksBuildPhase;
			buildActionMask = 2147483647;
			files = (
				D9BDF75CBFA48951757DF74D,
				E2DE4C31B45F79029ABBE386,
				0BA61AFDB0B7D8E5CA468341,
				1982D7CDBB2A9D0C22ED0FA9,
				ACEC47942353681F6AB23AFC,
				2CDF4FF3E9AC46A6578BC2FC,
				B48E0F46A5A7C7D3416628BC,
				7854BD4C1A2AC7DADA8D60A8,
				7E21A790E51E160B9D895AE0,
				485D854046DD8D51CA5C69FF,
				EECB8176BA797D73F7D442AC,
				1D84B63538F23DFF4CABFE06,
			);
			runOnlyForDeploymentPostprocessing = 0;
		};
		449CFF5FE715AEE80F482924 = {
			isa = PBXNativeTarget;
			buildConfigurationList = 42E198D33A33F84452414EB7;
			buildPhases = (
				DEABA7EC8532C7AC13C4D86B,
				033E1EB3D2B2834BB21B48DD,
				0BA9551E627DD0174254DDB6,
				9EA04C05231538B7C50E3696,
			);
			buildRules = ( );
			dependencies = (
				085FB0F9FE1715B01E428A97,
			);
			name = "Padded - AU";
			productName = Padded;
			productReference = 33D28FB7AC4B575F480C4D3F;
			productType = "com.apple.product-type.bundle";
		};
		A3E284168DC827BFB3C1B363 = {
			isa = XCConfigurationList;
			buildConfigurations = (
				5C95DEADE279AD9F8AFAF0CB,
				68738D57F45A7FA1BABF0468,
			);
			defaultConfigurationIsVisible = 0;
			defaultConfigurationName = Debug;
		};
		B43138ADAAB8906A8F8AABAE = {
			isa = PBXResourcesBuildPhase;
			buildActionMask = 2147483647;
			files = (
				321B41C7D47353CDEC5C0F5B,
			);
			runOnlyForDeploymentPostprocessing = 0;
		};
		570DED83E6FE05A0C6F18E83 = {
			isa = PBXSourcesBuildPhase;
			buildActionMask = 2147483647;
			files = (
				51A61CA67878DE2D394A6A88,
			);
			runOnlyForDeploymentPostprocessing = 0;
		};
		5C54AD6122E4F338AE72E3B3 = {
			isa = PBXFrameworksBuildPhase;
			buildActionMask = 2147483647;
			files = (
				E2DE4C31B45F79029ABBE386,
				0BA61AFDB0B7D8E5CA468341,
				1982D7CDBB2A9D0C22ED0FA9,
				ACEC47942353681F6AB23AFC,
				2CDF4FF3E9AC46A6578BC2FC,
				B48E0F46A5A7C7D3416628BC,
				7854BD4C1A2AC7DADA8D60A8,
				7E21A790E51E160B9D895AE0,
				485D854046DD8D51CA5C69FF,
				EECB8176BA797D73F7D442AC,
				1D84B63538F23DFF4CABFE06,
			);
			runOnlyForDeploymentPostprocessing = 0;
		};
		9899E2A2E9326DB649288E69 = {
			isa = PBXNativeTarget;
			buildConfigurationList = A3E284168DC827BFB3C1B363;
			buildPhases = (
				B43138ADAAB8906A8F8AABAE,
				570DED83E6FE05A0C6F18E83,
				5C54AD6122E4F338AE72E3B3,
			);
			buildRules = ( );
			dependencies = (
				9D0A5CD0BAB14938CC54E108,
			);
			name = "Padded - Standalone Plugin";
			productName = Padded;
			productReference = D35B92AF23C20FB11D1BCBBD;
			productType = "com.apple.product-type.application";
		};
		9AC96ED1CC419642468A3FB2 = {
			isa = XCConfigurationList;
			buildConfigurations = (
				68089AEE6503F456F34BE66A,
				C8AB34E95300CFB3FDEBF10C,
			);
			defaultConfigurationIsVisible = 0;
			defaultConfigurationName = Debug;
		};
		ACB6748261D41A4E3714B171 = {
			isa = PBXSourcesBuildPhase;
			buildActionMask = 2147483647;
			files = (
				72493903478B816C8F194E71,
				90A97073BF7D6E6D1A5CA63D,
				90DD22161E176467E3BD0DCC,
				D910933C90B236EB449BA55A,
				55B8CA9976066D49CDF7CD9A,
				B0C997D0D381181996D5F916,
				D7D302A956E806375CEE53E5,
				3A2228E032FED99AA55D8D2F,
				8E51A3A63295173258FB0E0E,
				2B75589203578359B2E28CC1,
				C113580B9A1E4752931DF0D4,
				2726F2D506BAE16359B72FE1,
				2505FB3464F55AFE1B081D1A,
				BCF7637B10D9EDD8DF9860DC,
				C5850CC77AFF0C1B97CB95AC,
				8F31033FB884271183B4F7B6,
			);
			runOnlyForDeploymentPostprocessing = 0;
		};
		45DD0877EBD37EA276FE0352 = {
			isa = PBXNativeTarget;
			buildConfigurationList = 9AC96ED1CC419642468A3FB2;
			buildPhases = (
				ACB6748261D41A4E3714B171,
			);
			buildRules = ( );
			dependencies = ( );
			name = "Padded - Shared Code";
			productName = Padded;
			productReference = EBBCAF7D3AEAC7BFCC3561D2;
			productType = "com.apple.product-type.library.static";
		};
		E82500FB8BC686C04AA1BC54 = {
			isa = PBXProject;
			buildConfigurationList = 9FC9421629FDA01A440458F1;
			attributes = { LastUpgradeCheck = 1100; ORGANIZATIONNAME = "nihargagneja"; TargetAttributes = { FFDEF7C7D69646CE2D0D83D1 = { SystemCapabilities = {com.apple.ApplicationGroups.iOS = { enabled = 0; }; com.apple.InAppPurchase = { enabled = 0; }; com.apple.InterAppAudio = { enabled = 0; }; com.apple.Push = { enabled = 0; }; com.apple.Sandbox = { enabled = 0; }; com.apple.HardenedRuntime = { enabled = 0; }; }; };AC966FF9A2DB51C3C59CEB64 = { SystemCapabilities = {com.apple.ApplicationGroups.iOS = { enabled = 0; }; com.apple.InAppPurchase = { enabled = 0; }; com.apple.InterAppAudio = { enabled = 0; }; com.apple.Push = { enabled = 0; }; com.apple.Sandbox = { enabled = 0; }; com.apple.HardenedRuntime = { enabled = 0; }; }; };449CFF5FE715AEE80F482924 = { SystemCapabilities = {com.apple.ApplicationGroups.iOS = { enabled = 0; }; com.apple.InAppPurchase = { enabled = 0; }; com.apple.InterAppAudio = { enabled = 0; }; com.apple.Push = { enabled = 0; }; com.apple.Sandbox = { enabled = 0; }; com.apple.HardenedRuntime = { enabled = 0; }; }; };9899E2A2E9326DB649288E69 = { SystemCapabilities = {com.apple.ApplicationGroups.iOS = { enabled = 0; }; com.apple.InAppPurchase = { enabled = 0; }; com.apple.InterAppAudio = { enabled = 0; }; com.apple.Push = { enabled = 0; }; com.apple.Sandbox = { enabled = 0; }; com.apple.HardenedRuntime = { enabled = 0; }; }; };45DD0877EBD37EA276FE0352 = { SystemCapabilities = {com.apple.ApplicationGroups.iOS = { enabled = 0; }; com.apple.InAppPurchase = { enabled = 0; }; com.apple.InterAppAudio = { enabled = 0; }; com.apple.Push = { enabled = 0; }; com.apple.Sandbox = { enabled = 0; }; com.apple.HardenedRuntime = { enabled = 0; }; }; }; }; };
			compatibilityVersion = "Xcode 3.2";
			hasScannedForEncodings = 0;
			mainGroup = 56EBAAD5E5C4BD808B73C262;
			projectDirPath = "";
			projectRoot = "";
			targets = (FFDEF7C7D69646CE2D0D83D1, AC966FF9A2DB51C3C59CEB64, 449CFF5FE715AEE80F482924, 9899E2A2E9326DB649288E69, 45DD0877EBD37EA276FE0352);
			knownRegions = (en, Base);
		};
	};
	rootObject = E82500FB8BC686C04AA1BC54;
}
